<Solution>
  <Configurations>
    <Platform Name="x64" />
    <Platform Name="x86" />
  </Configurations>
  <Project Path="ex1/ex1.vcxproj" Id="68732f69-20e7-4935-acf7-4d68bf938bcd" />
  <Project Path="ex2/ex2.vcxproj" Id="21661edb-1e20-4f53-a986-f02476c1420b" />
  <Project Path="ex3/ex3.vcxproj" Id="fafa0356-179d-4557-8395-9330f4682f81" />
  <Project Path="ex4/ex4.vcxproj" Id="68e3314f-3296-4348-89d9-934bbcd43cf2" />
</Solution>
