<Solution>
  <Configurations>
    <Platform Name="x64" />
    <Platform Name="x86" />
  </Configurations>
  <Project Path="Project1/Project1.vcxproj" Id="0ab3327a-7d35-4802-ac05-8c228f747cf0" />
  <Project Path="Project2/Project2.vcxproj" Id="e133d74b-cd71-4710-b25d-42c77e3004dc" />
  <Project Path="Project3/Project3.vcxproj" Id="95413ee7-492c-46f3-8f5d-99f72153913e" />
  <Project Path="Project4/Project4.vcxproj" Id="d1bfe2a4-a66e-4d67-8bd6-24ee65d54b8f" />
  <Project Path="Project5/Project5.vcxproj" Id="fe623565-902b-4105-b74a-6adc8ab9af2c" />
  <Project Path="Project6/Project6.vcxproj" Id="d18468d9-5da5-4dda-9240-f491bb3df828" />
  <Project Path="Project7/Project7.vcxproj" Id="aa1189df-8139-451c-b45f-c3bd0f99386d" />
  <Project Path="Project8/Project8.vcxproj" Id="b59d206f-8adb-4a84-af2e-c485ce95a9bd" />
</Solution>
